
Microsoft Visual Studio Solution File, Format Version 12.00
# Visual Studio Version 17
VisualStudioVersion = 17.13.35507.96 d17.13
MinimumVisualStudioVersion = 10.0.40219.1
Project("{FAE04EC0-301F-11D3-BF4B-00C04F79EFBC}") = "DataAccessWrapper.Sql", "DataAccessWrapper.Sql\DataAccessWrapper.Sql.csproj", "{4A20DF8F-F2A0-47B8-94DB-EAF8ED2B8D1E}"
EndProject
Global
	GlobalSection(SolutionConfigurationPlatforms) = preSolution
		Debug|Any CPU = Debug|Any CPU
		Release|Any CPU = Release|Any CPU
	EndGlobalSection
	GlobalSection(ProjectConfigurationPlatforms) = postSolution
		{4A20DF8F-F2A0-47B8-94DB-EAF8ED2B8D1E}.Debug|Any CPU.ActiveCfg = Debug|Any CPU
		{4A20DF8F-F2A0-47B8-94DB-EAF8ED2B8D1E}.Debug|Any CPU.Build.0 = Debug|Any CPU
		{4A20DF8F-F2A0-47B8-94DB-EAF8ED2B8D1E}.Release|Any CPU.ActiveCfg = Release|Any CPU
		{4A20DF8F-F2A0-47B8-94DB-EAF8ED2B8D1E}.Release|Any CPU.Build.0 = Release|Any CPU
	EndGlobalSection
	GlobalSection(SolutionProperties) = preSolution
		HideSolutionNode = FALSE
	EndGlobalSection
	GlobalSection(ExtensibilityGlobals) = postSolution
		SolutionGuid = {618057AD-D20F-4D4C-BF57-183D39CEC6F3}
	EndGlobalSection
EndGlobal
